
Microsoft Visual Studio Solution File, Format Version 12.00
# Visual Studio Version 17
VisualStudioVersion = 17.0.31903.59
MinimumVisualStudioVersion = 10.0.40219.1
Project("{FAE04EC0-301F-11D3-BF4B-00C04F79EFBC}") = "consumer", "consumer\consumer.csproj", "{60049277-1AA0-44D7-8D61-A11F5EB182D3}"
EndProject
Project("{FAE04EC0-301F-11D3-BF4B-00C04F79EFBC}") = "producer", "producer\producer.csproj", "{E2742C39-9294-41C6-AD36-4CA19EB4A746}"
EndProject
Global
	GlobalSection(SolutionConfigurationPlatforms) = preSolution
		Debug|Any CPU = Debug|Any CPU
		Release|Any CPU = Release|Any CPU
	EndGlobalSection
	GlobalSection(SolutionProperties) = preSolution
		HideSolutionNode = FALSE
	EndGlobalSection
	GlobalSection(ProjectConfigurationPlatforms) = postSolution
		{60049277-1AA0-44D7-8D61-A11F5EB182D3}.Debug|Any CPU.ActiveCfg = Debug|Any CPU
		{60049277-1AA0-44D7-8D61-A11F5EB182D3}.Debug|Any CPU.Build.0 = Debug|Any CPU
		{60049277-1AA0-44D7-8D61-A11F5EB182D3}.Release|Any CPU.ActiveCfg = Release|Any CPU
		{60049277-1AA0-44D7-8D61-A11F5EB182D3}.Release|Any CPU.Build.0 = Release|Any CPU
		{E2742C39-9294-41C6-AD36-4CA19EB4A746}.Debug|Any CPU.ActiveCfg = Debug|Any CPU
		{E2742C39-9294-41C6-AD36-4CA19EB4A746}.Debug|Any CPU.Build.0 = Debug|Any CPU
		{E2742C39-9294-41C6-AD36-4CA19EB4A746}.Release|Any CPU.ActiveCfg = Release|Any CPU
		{E2742C39-9294-41C6-AD36-4CA19EB4A746}.Release|Any CPU.Build.0 = Release|Any CPU
	EndGlobalSection
EndGlobal
